
Microsoft Visual Studio Solution File, Format Version 12.00
# Visual Studio 2013
VisualStudioVersion = 12.0.40629.0
MinimumVisualStudioVersion = 10.0.40219.1
Project("{FAE04EC0-301F-11D3-BF4B-00C04F79EFBC}") = "线性表", "线性表\线性表.csproj", "{986C0162-1067-4E6D-B2C3-63A9F889BA88}"
EndProject
Project("{FAE04EC0-301F-11D3-BF4B-00C04F79EFBC}") = "链表", "链表\链表.csproj", "{32F4BE84-767F-411B-978F-B579AA289918}"
EndProject
Global
	GlobalSection(SolutionConfigurationPlatforms) = preSolution
		Debug|Any CPU = Debug|Any CPU
		Release|Any CPU = Release|Any CPU
	EndGlobalSection
	GlobalSection(ProjectConfigurationPlatforms) = postSolution
		{986C0162-1067-4E6D-B2C3-63A9F889BA88}.Debug|Any CPU.ActiveCfg = Debug|Any CPU
		{986C0162-1067-4E6D-B2C3-63A9F889BA88}.Debug|Any CPU.Build.0 = Debug|Any CPU
		{986C0162-1067-4E6D-B2C3-63A9F889BA88}.Release|Any CPU.ActiveCfg = Release|Any CPU
		{986C0162-1067-4E6D-B2C3-63A9F889BA88}.Release|Any CPU.Build.0 = Release|Any CPU
		{32F4BE84-767F-411B-978F-B579AA289918}.Debug|Any CPU.ActiveCfg = Debug|Any CPU
		{32F4BE84-767F-411B-978F-B579AA289918}.Debug|Any CPU.Build.0 = Debug|Any CPU
		{32F4BE84-767F-411B-978F-B579AA289918}.Release|Any CPU.ActiveCfg = Release|Any CPU
		{32F4BE84-767F-411B-978F-B579AA289918}.Release|Any CPU.Build.0 = Release|Any CPU
	EndGlobalSection
	GlobalSection(SolutionProperties) = preSolution
		HideSolutionNode = FALSE
	EndGlobalSection
EndGlobal
