
Microsoft Visual Studio Solution File, Format Version 12.00
# Visual Studio 2013
VisualStudioVersion = 12.0.40629.0
MinimumVisualStudioVersion = 10.0.40219.1
Project("{FAE04EC0-301F-11D3-BF4B-00C04F79EFBC}") = "线程间通信", "线程间通信\线程间通信.csproj", "{91AF038A-8E82-4638-9266-DAC8AB5A0CAD}"
EndProject
Project("{FAE04EC0-301F-11D3-BF4B-00C04F79EFBC}") = "三个信号触发", "三个信号触发\三个信号触发.csproj", "{8F2D6A5A-9C88-4909-A090-2008091F105F}"
EndProject
Global
	GlobalSection(SolutionConfigurationPlatforms) = preSolution
		Debug|Any CPU = Debug|Any CPU
		Release|Any CPU = Release|Any CPU
	EndGlobalSection
	GlobalSection(ProjectConfigurationPlatforms) = postSolution
		{91AF038A-8E82-4638-9266-DAC8AB5A0CAD}.Debug|Any CPU.ActiveCfg = Debug|Any CPU
		{91AF038A-8E82-4638-9266-DAC8AB5A0CAD}.Debug|Any CPU.Build.0 = Debug|Any CPU
		{91AF038A-8E82-4638-9266-DAC8AB5A0CAD}.Release|Any CPU.ActiveCfg = Release|Any CPU
		{91AF038A-8E82-4638-9266-DAC8AB5A0CAD}.Release|Any CPU.Build.0 = Release|Any CPU
		{8F2D6A5A-9C88-4909-A090-2008091F105F}.Debug|Any CPU.ActiveCfg = Debug|Any CPU
		{8F2D6A5A-9C88-4909-A090-2008091F105F}.Debug|Any CPU.Build.0 = Debug|Any CPU
		{8F2D6A5A-9C88-4909-A090-2008091F105F}.Release|Any CPU.ActiveCfg = Release|Any CPU
		{8F2D6A5A-9C88-4909-A090-2008091F105F}.Release|Any CPU.Build.0 = Release|Any CPU
	EndGlobalSection
	GlobalSection(SolutionProperties) = preSolution
		HideSolutionNode = FALSE
	EndGlobalSection
EndGlobal
