
Microsoft Visual Studio Solution File, Format Version 12.00
# Visual Studio 2013
VisualStudioVersion = 12.0.40629.0
MinimumVisualStudioVersion = 10.0.40219.1
Project("{FAE04EC0-301F-11D3-BF4B-00C04F79EFBC}") = "线程同步", "线程同步\线程同步.csproj", "{80FC7A6D-D1D1-415C-B2E9-8D6F0D759D8A}"
EndProject
Project("{FAE04EC0-301F-11D3-BF4B-00C04F79EFBC}") = "线程同步Monitor", "线程同步Monitor\线程同步Monitor.csproj", "{38A1EA50-2D9C-43A0-8ED9-61B4DA834FCE}"
EndProject
Project("{FAE04EC0-301F-11D3-BF4B-00C04F79EFBC}") = "线程同步Lock", "线程同步Lock\线程同步Lock.csproj", "{1D2FA705-E1D6-4731-B724-41D15A3F1AF6}"
EndProject
Project("{FAE04EC0-301F-11D3-BF4B-00C04F79EFBC}") = "线程同步打印数字", "线程同步打印数字\线程同步打印数字.csproj", "{1BC49578-2BD7-409F-B86D-A5C423356957}"
EndProject
Project("{FAE04EC0-301F-11D3-BF4B-00C04F79EFBC}") = "并发冲突", "并发冲突\并发冲突.csproj", "{F5F89607-4BCD-498F-A2BD-F55971DC460A}"
EndProject
Project("{8BC9CEB8-8B4A-11D0-8D11-00A0C91BC942}") = "ConsoleApplication1", "ConsoleApplication1\ConsoleApplication1.vcxproj", "{37024380-ECED-4D51-9783-A660ABCED223}"
EndProject
Project("{FAE04EC0-301F-11D3-BF4B-00C04F79EFBC}") = "1+1一亿", "1+1一亿\1+1一亿.csproj", "{6D2BACF6-FC39-4482-9526-3A367A003F6D}"
EndProject
Global
	GlobalSection(SolutionConfigurationPlatforms) = preSolution
		Debug|Any CPU = Debug|Any CPU
		Debug|Mixed Platforms = Debug|Mixed Platforms
		Debug|Win32 = Debug|Win32
		Release|Any CPU = Release|Any CPU
		Release|Mixed Platforms = Release|Mixed Platforms
		Release|Win32 = Release|Win32
	EndGlobalSection
	GlobalSection(ProjectConfigurationPlatforms) = postSolution
		{80FC7A6D-D1D1-415C-B2E9-8D6F0D759D8A}.Debug|Any CPU.ActiveCfg = Debug|Any CPU
		{80FC7A6D-D1D1-415C-B2E9-8D6F0D759D8A}.Debug|Any CPU.Build.0 = Debug|Any CPU
		{80FC7A6D-D1D1-415C-B2E9-8D6F0D759D8A}.Debug|Mixed Platforms.ActiveCfg = Debug|Any CPU
		{80FC7A6D-D1D1-415C-B2E9-8D6F0D759D8A}.Debug|Mixed Platforms.Build.0 = Debug|Any CPU
		{80FC7A6D-D1D1-415C-B2E9-8D6F0D759D8A}.Debug|Win32.ActiveCfg = Debug|Any CPU
		{80FC7A6D-D1D1-415C-B2E9-8D6F0D759D8A}.Release|Any CPU.ActiveCfg = Release|Any CPU
		{80FC7A6D-D1D1-415C-B2E9-8D6F0D759D8A}.Release|Any CPU.Build.0 = Release|Any CPU
		{80FC7A6D-D1D1-415C-B2E9-8D6F0D759D8A}.Release|Mixed Platforms.ActiveCfg = Release|Any CPU
		{80FC7A6D-D1D1-415C-B2E9-8D6F0D759D8A}.Release|Mixed Platforms.Build.0 = Release|Any CPU
		{80FC7A6D-D1D1-415C-B2E9-8D6F0D759D8A}.Release|Win32.ActiveCfg = Release|Any CPU
		{38A1EA50-2D9C-43A0-8ED9-61B4DA834FCE}.Debug|Any CPU.ActiveCfg = Debug|Any CPU
		{38A1EA50-2D9C-43A0-8ED9-61B4DA834FCE}.Debug|Any CPU.Build.0 = Debug|Any CPU
		{38A1EA50-2D9C-43A0-8ED9-61B4DA834FCE}.Debug|Mixed Platforms.ActiveCfg = Debug|Any CPU
		{38A1EA50-2D9C-43A0-8ED9-61B4DA834FCE}.Debug|Mixed Platforms.Build.0 = Debug|Any CPU
		{38A1EA50-2D9C-43A0-8ED9-61B4DA834FCE}.Debug|Win32.ActiveCfg = Debug|Any CPU
		{38A1EA50-2D9C-43A0-8ED9-61B4DA834FCE}.Release|Any CPU.ActiveCfg = Release|Any CPU
		{38A1EA50-2D9C-43A0-8ED9-61B4DA834FCE}.Release|Any CPU.Build.0 = Release|Any CPU
		{38A1EA50-2D9C-43A0-8ED9-61B4DA834FCE}.Release|Mixed Platforms.ActiveCfg = Release|Any CPU
		{38A1EA50-2D9C-43A0-8ED9-61B4DA834FCE}.Release|Mixed Platforms.Build.0 = Release|Any CPU
		{38A1EA50-2D9C-43A0-8ED9-61B4DA834FCE}.Release|Win32.ActiveCfg = Release|Any CPU
		{1D2FA705-E1D6-4731-B724-41D15A3F1AF6}.Debug|Any CPU.ActiveCfg = Debug|Any CPU
		{1D2FA705-E1D6-4731-B724-41D15A3F1AF6}.Debug|Any CPU.Build.0 = Debug|Any CPU
		{1D2FA705-E1D6-4731-B724-41D15A3F1AF6}.Debug|Mixed Platforms.ActiveCfg = Debug|Any CPU
		{1D2FA705-E1D6-4731-B724-41D15A3F1AF6}.Debug|Mixed Platforms.Build.0 = Debug|Any CPU
		{1D2FA705-E1D6-4731-B724-41D15A3F1AF6}.Debug|Win32.ActiveCfg = Debug|Any CPU
		{1D2FA705-E1D6-4731-B724-41D15A3F1AF6}.Release|Any CPU.ActiveCfg = Release|Any CPU
		{1D2FA705-E1D6-4731-B724-41D15A3F1AF6}.Release|Any CPU.Build.0 = Release|Any CPU
		{1D2FA705-E1D6-4731-B724-41D15A3F1AF6}.Release|Mixed Platforms.ActiveCfg = Release|Any CPU
		{1D2FA705-E1D6-4731-B724-41D15A3F1AF6}.Release|Mixed Platforms.Build.0 = Release|Any CPU
		{1D2FA705-E1D6-4731-B724-41D15A3F1AF6}.Release|Win32.ActiveCfg = Release|Any CPU
		{1BC49578-2BD7-409F-B86D-A5C423356957}.Debug|Any CPU.ActiveCfg = Debug|Any CPU
		{1BC49578-2BD7-409F-B86D-A5C423356957}.Debug|Any CPU.Build.0 = Debug|Any CPU
		{1BC49578-2BD7-409F-B86D-A5C423356957}.Debug|Mixed Platforms.ActiveCfg = Debug|Any CPU
		{1BC49578-2BD7-409F-B86D-A5C423356957}.Debug|Mixed Platforms.Build.0 = Debug|Any CPU
		{1BC49578-2BD7-409F-B86D-A5C423356957}.Debug|Win32.ActiveCfg = Debug|Any CPU
		{1BC49578-2BD7-409F-B86D-A5C423356957}.Release|Any CPU.ActiveCfg = Release|Any CPU
		{1BC49578-2BD7-409F-B86D-A5C423356957}.Release|Any CPU.Build.0 = Release|Any CPU
		{1BC49578-2BD7-409F-B86D-A5C423356957}.Release|Mixed Platforms.ActiveCfg = Release|Any CPU
		{1BC49578-2BD7-409F-B86D-A5C423356957}.Release|Mixed Platforms.Build.0 = Release|Any CPU
		{1BC49578-2BD7-409F-B86D-A5C423356957}.Release|Win32.ActiveCfg = Release|Any CPU
		{F5F89607-4BCD-498F-A2BD-F55971DC460A}.Debug|Any CPU.ActiveCfg = Debug|Any CPU
		{F5F89607-4BCD-498F-A2BD-F55971DC460A}.Debug|Any CPU.Build.0 = Debug|Any CPU
		{F5F89607-4BCD-498F-A2BD-F55971DC460A}.Debug|Mixed Platforms.ActiveCfg = Debug|Any CPU
		{F5F89607-4BCD-498F-A2BD-F55971DC460A}.Debug|Mixed Platforms.Build.0 = Debug|Any CPU
		{F5F89607-4BCD-498F-A2BD-F55971DC460A}.Debug|Win32.ActiveCfg = Debug|Any CPU
		{F5F89607-4BCD-498F-A2BD-F55971DC460A}.Release|Any CPU.ActiveCfg = Release|Any CPU
		{F5F89607-4BCD-498F-A2BD-F55971DC460A}.Release|Any CPU.Build.0 = Release|Any CPU
		{F5F89607-4BCD-498F-A2BD-F55971DC460A}.Release|Mixed Platforms.ActiveCfg = Release|Any CPU
		{F5F89607-4BCD-498F-A2BD-F55971DC460A}.Release|Mixed Platforms.Build.0 = Release|Any CPU
		{F5F89607-4BCD-498F-A2BD-F55971DC460A}.Release|Win32.ActiveCfg = Release|Any CPU
		{37024380-ECED-4D51-9783-A660ABCED223}.Debug|Any CPU.ActiveCfg = Debug|Win32
		{37024380-ECED-4D51-9783-A660ABCED223}.Debug|Mixed Platforms.ActiveCfg = Debug|Win32
		{37024380-ECED-4D51-9783-A660ABCED223}.Debug|Mixed Platforms.Build.0 = Debug|Win32
		{37024380-ECED-4D51-9783-A660ABCED223}.Debug|Win32.ActiveCfg = Debug|Win32
		{37024380-ECED-4D51-9783-A660ABCED223}.Debug|Win32.Build.0 = Debug|Win32
		{37024380-ECED-4D51-9783-A660ABCED223}.Release|Any CPU.ActiveCfg = Release|Win32
		{37024380-ECED-4D51-9783-A660ABCED223}.Release|Mixed Platforms.ActiveCfg = Release|Win32
		{37024380-ECED-4D51-9783-A660ABCED223}.Release|Mixed Platforms.Build.0 = Release|Win32
		{37024380-ECED-4D51-9783-A660ABCED223}.Release|Win32.ActiveCfg = Release|Win32
		{37024380-ECED-4D51-9783-A660ABCED223}.Release|Win32.Build.0 = Release|Win32
		{6D2BACF6-FC39-4482-9526-3A367A003F6D}.Debug|Any CPU.ActiveCfg = Debug|Any CPU
		{6D2BACF6-FC39-4482-9526-3A367A003F6D}.Debug|Any CPU.Build.0 = Debug|Any CPU
		{6D2BACF6-FC39-4482-9526-3A367A003F6D}.Debug|Mixed Platforms.ActiveCfg = Debug|Any CPU
		{6D2BACF6-FC39-4482-9526-3A367A003F6D}.Debug|Mixed Platforms.Build.0 = Debug|Any CPU
		{6D2BACF6-FC39-4482-9526-3A367A003F6D}.Debug|Win32.ActiveCfg = Debug|Any CPU
		{6D2BACF6-FC39-4482-9526-3A367A003F6D}.Release|Any CPU.ActiveCfg = Release|Any CPU
		{6D2BACF6-FC39-4482-9526-3A367A003F6D}.Release|Any CPU.Build.0 = Release|Any CPU
		{6D2BACF6-FC39-4482-9526-3A367A003F6D}.Release|Mixed Platforms.ActiveCfg = Release|Any CPU
		{6D2BACF6-FC39-4482-9526-3A367A003F6D}.Release|Mixed Platforms.Build.0 = Release|Any CPU
		{6D2BACF6-FC39-4482-9526-3A367A003F6D}.Release|Win32.ActiveCfg = Release|Any CPU
	EndGlobalSection
	GlobalSection(SolutionProperties) = preSolution
		HideSolutionNode = FALSE
	EndGlobalSection
EndGlobal
