
Microsoft Visual Studio Solution File, Format Version 12.00
# Visual Studio 2013
VisualStudioVersion = 12.0.40629.0
MinimumVisualStudioVersion = 10.0.40219.1
Project("{FAE04EC0-301F-11D3-BF4B-00C04F79EFBC}") = "定义事件", "定义事件\定义事件.csproj", "{5AD2323C-90CD-4D52-9237-5A76779B17B2}"
EndProject
Project("{FAE04EC0-301F-11D3-BF4B-00C04F79EFBC}") = "事件触发", "事件触发\事件触发.csproj", "{356051D5-E838-452C-9220-7CC7D74D94C9}"
EndProject
Global
	GlobalSection(SolutionConfigurationPlatforms) = preSolution
		Debug|Any CPU = Debug|Any CPU
		Release|Any CPU = Release|Any CPU
	EndGlobalSection
	GlobalSection(ProjectConfigurationPlatforms) = postSolution
		{5AD2323C-90CD-4D52-9237-5A76779B17B2}.Debug|Any CPU.ActiveCfg = Debug|Any CPU
		{5AD2323C-90CD-4D52-9237-5A76779B17B2}.Debug|Any CPU.Build.0 = Debug|Any CPU
		{5AD2323C-90CD-4D52-9237-5A76779B17B2}.Release|Any CPU.ActiveCfg = Release|Any CPU
		{5AD2323C-90CD-4D52-9237-5A76779B17B2}.Release|Any CPU.Build.0 = Release|Any CPU
		{356051D5-E838-452C-9220-7CC7D74D94C9}.Debug|Any CPU.ActiveCfg = Debug|Any CPU
		{356051D5-E838-452C-9220-7CC7D74D94C9}.Debug|Any CPU.Build.0 = Debug|Any CPU
		{356051D5-E838-452C-9220-7CC7D74D94C9}.Release|Any CPU.ActiveCfg = Release|Any CPU
		{356051D5-E838-452C-9220-7CC7D74D94C9}.Release|Any CPU.Build.0 = Release|Any CPU
	EndGlobalSection
	GlobalSection(SolutionProperties) = preSolution
		HideSolutionNode = FALSE
	EndGlobalSection
EndGlobal
