
Microsoft Visual Studio Solution File, Format Version 12.00
# Visual Studio 2013
VisualStudioVersion = 12.0.40629.0
MinimumVisualStudioVersion = 10.0.40219.1
Project("{FAE04EC0-301F-11D3-BF4B-00C04F79EFBC}") = "ZooMap", "ZooMap\ZooMap.csproj", "{B483A848-EB63-4533-90B5-937E7CC79950}"
EndProject
Project("{FAE04EC0-301F-11D3-BF4B-00C04F79EFBC}") = "ShowAnimal", "ShowAnimal\ShowAnimal.csproj", "{BDC61940-2DAC-4958-9DB6-C0EDE43B59CD}"
EndProject
Global
	GlobalSection(SolutionConfigurationPlatforms) = preSolution
		Debug|Any CPU = Debug|Any CPU
		Release|Any CPU = Release|Any CPU
	EndGlobalSection
	GlobalSection(ProjectConfigurationPlatforms) = postSolution
		{B483A848-EB63-4533-90B5-937E7CC79950}.Debug|Any CPU.ActiveCfg = Debug|Any CPU
		{B483A848-EB63-4533-90B5-937E7CC79950}.Debug|Any CPU.Build.0 = Debug|Any CPU
		{B483A848-EB63-4533-90B5-937E7CC79950}.Release|Any CPU.ActiveCfg = Release|Any CPU
		{B483A848-EB63-4533-90B5-937E7CC79950}.Release|Any CPU.Build.0 = Release|Any CPU
		{BDC61940-2DAC-4958-9DB6-C0EDE43B59CD}.Debug|Any CPU.ActiveCfg = Debug|Any CPU
		{BDC61940-2DAC-4958-9DB6-C0EDE43B59CD}.Debug|Any CPU.Build.0 = Debug|Any CPU
		{BDC61940-2DAC-4958-9DB6-C0EDE43B59CD}.Release|Any CPU.ActiveCfg = Release|Any CPU
		{BDC61940-2DAC-4958-9DB6-C0EDE43B59CD}.Release|Any CPU.Build.0 = Release|Any CPU
	EndGlobalSection
	GlobalSection(SolutionProperties) = preSolution
		HideSolutionNode = FALSE
	EndGlobalSection
EndGlobal
