
Microsoft Visual Studio Solution File, Format Version 12.00
# Visual Studio 2013
VisualStudioVersion = 12.0.40629.0
MinimumVisualStudioVersion = 10.0.40219.1
Project("{FAE04EC0-301F-11D3-BF4B-00C04F79EFBC}") = "进程Process", "Process\进程Process.csproj", "{BA8AEB22-22E1-453A-ABB9-B82D458D41E8}"
EndProject
Global
	GlobalSection(SolutionConfigurationPlatforms) = preSolution
		Debug|Any CPU = Debug|Any CPU
		Release|Any CPU = Release|Any CPU
	EndGlobalSection
	GlobalSection(ProjectConfigurationPlatforms) = postSolution
		{BA8AEB22-22E1-453A-ABB9-B82D458D41E8}.Debug|Any CPU.ActiveCfg = Debug|Any CPU
		{BA8AEB22-22E1-453A-ABB9-B82D458D41E8}.Debug|Any CPU.Build.0 = Debug|Any CPU
		{BA8AEB22-22E1-453A-ABB9-B82D458D41E8}.Release|Any CPU.ActiveCfg = Release|Any CPU
		{BA8AEB22-22E1-453A-ABB9-B82D458D41E8}.Release|Any CPU.Build.0 = Release|Any CPU
	EndGlobalSection
	GlobalSection(SolutionProperties) = preSolution
		HideSolutionNode = FALSE
	EndGlobalSection
EndGlobal
